
Microsoft Visual Studio Solution File, Format Version 12.00
# Visual Studio 15
VisualStudioVersion = 15.0.27130.2027
MinimumVisualStudioVersion = 10.0.40219.1
Project("{FAE04EC0-301F-11D3-BF4B-00C04F79EFBC}") = "GeoHelper", "GeoHelper\GeoHelper.csproj", "{EF905606-2106-4F17-BA23-F8483DB1B0CF}"
EndProject
Global
	GlobalSection(SolutionConfigurationPlatforms) = preSolution
		Debug|Any CPU = Debug|Any CPU
		Release|Any CPU = Release|Any CPU
	EndGlobalSection
	GlobalSection(ProjectConfigurationPlatforms) = postSolution
		{EF905606-2106-4F17-BA23-F8483DB1B0CF}.Debug|Any CPU.ActiveCfg = Debug|Any CPU
		{EF905606-2106-4F17-BA23-F8483DB1B0CF}.Debug|Any CPU.Build.0 = Debug|Any CPU
		{EF905606-2106-4F17-BA23-F8483DB1B0CF}.Release|Any CPU.ActiveCfg = Release|Any CPU
		{EF905606-2106-4F17-BA23-F8483DB1B0CF}.Release|Any CPU.Build.0 = Release|Any CPU
	EndGlobalSection
	GlobalSection(SolutionProperties) = preSolution
		HideSolutionNode = FALSE
	EndGlobalSection
	GlobalSection(ExtensibilityGlobals) = postSolution
		SolutionGuid = {3801A3ED-C4FC-4A14-ACEA-7E7C4E268D7E}
	EndGlobalSection
EndGlobal
